
Microsoft Visual Studio Solution File, Format Version 12.00
# Visual Studio 15
VisualStudioVersion = 15.0.26430.13
MinimumVisualStudioVersion = 10.0.40219.1
Project("{FAE04EC0-301F-11D3-BF4B-00C04F79EFBC}") = "TesteAmbiente.Android", "TesteAmbiente\TesteAmbiente.Android\TesteAmbiente.Android.csproj", "{93E386D0-FA1A-46A5-97A2-2F77BE2E58BD}"
EndProject
Project("{FAE04EC0-301F-11D3-BF4B-00C04F79EFBC}") = "TesteAmbiente", "TesteAmbiente\TesteAmbiente\TesteAmbiente.csproj", "{24CF3AB1-1B4C-4231-833D-EF701B29428E}"
EndProject
Project("{FAE04EC0-301F-11D3-BF4B-00C04F79EFBC}") = "TesteAmbiente.UWP", "TesteAmbiente\TesteAmbiente.UWP\TesteAmbiente.UWP.csproj", "{021C1634-2DD1-4073-948C-5B92775A728E}"
EndProject
Project("{FAE04EC0-301F-11D3-BF4B-00C04F79EFBC}") = "TesteAmbiente.iOS", "TesteAmbiente\TesteAmbiente.iOS\TesteAmbiente.iOS.csproj", "{B2096603-F1C7-40E7-82D0-12D3D06F6642}"
EndProject
Global
	GlobalSection(SolutionConfigurationPlatforms) = preSolution
		Ad-Hoc|Any CPU = Ad-Hoc|Any CPU
		Ad-Hoc|ARM = Ad-Hoc|ARM
		Ad-Hoc|iPhone = Ad-Hoc|iPhone
		Ad-Hoc|iPhoneSimulator = Ad-Hoc|iPhoneSimulator
		Ad-Hoc|x64 = Ad-Hoc|x64
		Ad-Hoc|x86 = Ad-Hoc|x86
		AppStore|Any CPU = AppStore|Any CPU
		AppStore|ARM = AppStore|ARM
		AppStore|iPhone = AppStore|iPhone
		AppStore|iPhoneSimulator = AppStore|iPhoneSimulator
		AppStore|x64 = AppStore|x64
		AppStore|x86 = AppStore|x86
		Debug|Any CPU = Debug|Any CPU
		Debug|ARM = Debug|ARM
		Debug|iPhone = Debug|iPhone
		Debug|iPhoneSimulator = Debug|iPhoneSimulator
		Debug|x64 = Debug|x64
		Debug|x86 = Debug|x86
		Release|Any CPU = Release|Any CPU
		Release|ARM = Release|ARM
		Release|iPhone = Release|iPhone
		Release|iPhoneSimulator = Release|iPhoneSimulator
		Release|x64 = Release|x64
		Release|x86 = Release|x86
	EndGlobalSection
	GlobalSection(ProjectConfigurationPlatforms) = postSolution
		{93E386D0-FA1A-46A5-97A2-2F77BE2E58BD}.Ad-Hoc|Any CPU.ActiveCfg = Release|Any CPU
		{93E386D0-FA1A-46A5-97A2-2F77BE2E58BD}.Ad-Hoc|Any CPU.Build.0 = Release|Any CPU
		{93E386D0-FA1A-46A5-97A2-2F77BE2E58BD}.Ad-Hoc|Any CPU.Deploy.0 = Release|Any CPU
		{93E386D0-FA1A-46A5-97A2-2F77BE2E58BD}.Ad-Hoc|ARM.ActiveCfg = Release|Any CPU
		{93E386D0-FA1A-46A5-97A2-2F77BE2E58BD}.Ad-Hoc|ARM.Build.0 = Release|Any CPU
		{93E386D0-FA1A-46A5-97A2-2F77BE2E58BD}.Ad-Hoc|ARM.Deploy.0 = Release|Any CPU
		{93E386D0-FA1A-46A5-97A2-2F77BE2E58BD}.Ad-Hoc|iPhone.ActiveCfg = Release|Any CPU
		{93E386D0-FA1A-46A5-97A2-2F77BE2E58BD}.Ad-Hoc|iPhone.Build.0 = Release|Any CPU
		{93E386D0-FA1A-46A5-97A2-2F77BE2E58BD}.Ad-Hoc|iPhone.Deploy.0 = Release|Any CPU
		{93E386D0-FA1A-46A5-97A2-2F77BE2E58BD}.Ad-Hoc|iPhoneSimulator.ActiveCfg = Release|Any CPU
		{93E386D0-FA1A-46A5-97A2-2F77BE2E58BD}.Ad-Hoc|iPhoneSimulator.Build.0 = Release|Any CPU
		{93E386D0-FA1A-46A5-97A2-2F77BE2E58BD}.Ad-Hoc|iPhoneSimulator.Deploy.0 = Release|Any CPU
		{93E386D0-FA1A-46A5-97A2-2F77BE2E58BD}.Ad-Hoc|x64.ActiveCfg = Release|Any CPU
		{93E386D0-FA1A-46A5-97A2-2F77BE2E58BD}.Ad-Hoc|x64.Build.0 = Release|Any CPU
		{93E386D0-FA1A-46A5-97A2-2F77BE2E58BD}.Ad-Hoc|x64.Deploy.0 = Release|Any CPU
		{93E386D0-FA1A-46A5-97A2-2F77BE2E58BD}.Ad-Hoc|x86.ActiveCfg = Release|Any CPU
		{93E386D0-FA1A-46A5-97A2-2F77BE2E58BD}.Ad-Hoc|x86.Build.0 = Release|Any CPU
		{93E386D0-FA1A-46A5-97A2-2F77BE2E58BD}.Ad-Hoc|x86.Deploy.0 = Release|Any CPU
		{93E386D0-FA1A-46A5-97A2-2F77BE2E58BD}.AppStore|Any CPU.ActiveCfg = Release|Any CPU
		{93E386D0-FA1A-46A5-97A2-2F77BE2E58BD}.AppStore|Any CPU.Build.0 = Release|Any CPU
		{93E386D0-FA1A-46A5-97A2-2F77BE2E58BD}.AppStore|Any CPU.Deploy.0 = Release|Any CPU
		{93E386D0-FA1A-46A5-97A2-2F77BE2E58BD}.AppStore|ARM.ActiveCfg = Release|Any CPU
		{93E386D0-FA1A-46A5-97A2-2F77BE2E58BD}.AppStore|ARM.Build.0 = Release|Any CPU
		{93E386D0-FA1A-46A5-97A2-2F77BE2E58BD}.AppStore|ARM.Deploy.0 = Release|Any CPU
		{93E386D0-FA1A-46A5-97A2-2F77BE2E58BD}.AppStore|iPhone.ActiveCfg = Release|Any CPU
		{93E386D0-FA1A-46A5-97A2-2F77BE2E58BD}.AppStore|iPhone.Build.0 = Release|Any CPU
		{93E386D0-FA1A-46A5-97A2-2F77BE2E58BD}.AppStore|iPhone.Deploy.0 = Release|Any CPU
		{93E386D0-FA1A-46A5-97A2-2F77BE2E58BD}.AppStore|iPhoneSimulator.ActiveCfg = Release|Any CPU
		{93E386D0-FA1A-46A5-97A2-2F77BE2E58BD}.AppStore|iPhoneSimulator.Build.0 = Release|Any CPU
		{93E386D0-FA1A-46A5-97A2-2F77BE2E58BD}.AppStore|iPhoneSimulator.Deploy.0 = Release|Any CPU
		{93E386D0-FA1A-46A5-97A2-2F77BE2E58BD}.AppStore|x64.ActiveCfg = Release|Any CPU
		{93E386D0-FA1A-46A5-97A2-2F77BE2E58BD}.AppStore|x64.Build.0 = Release|Any CPU
		{93E386D0-FA1A-46A5-97A2-2F77BE2E58BD}.AppStore|x64.Deploy.0 = Release|Any CPU
		{93E386D0-FA1A-46A5-97A2-2F77BE2E58BD}.AppStore|x86.ActiveCfg = Release|Any CPU
		{93E386D0-FA1A-46A5-97A2-2F77BE2E58BD}.AppStore|x86.Build.0 = Release|Any CPU
		{93E386D0-FA1A-46A5-97A2-2F77BE2E58BD}.AppStore|x86.Deploy.0 = Release|Any CPU
		{93E386D0-FA1A-46A5-97A2-2F77BE2E58BD}.Debug|Any CPU.ActiveCfg = Debug|Any CPU
		{93E386D0-FA1A-46A5-97A2-2F77BE2E58BD}.Debug|Any CPU.Build.0 = Debug|Any CPU
		{93E386D0-FA1A-46A5-97A2-2F77BE2E58BD}.Debug|Any CPU.Deploy.0 = Debug|Any CPU
		{93E386D0-FA1A-46A5-97A2-2F77BE2E58BD}.Debug|ARM.ActiveCfg = Debug|Any CPU
		{93E386D0-FA1A-46A5-97A2-2F77BE2E58BD}.Debug|ARM.Build.0 = Debug|Any CPU
		{93E386D0-FA1A-46A5-97A2-2F77BE2E58BD}.Debug|ARM.Deploy.0 = Debug|Any CPU
		{93E386D0-FA1A-46A5-97A2-2F77BE2E58BD}.Debug|iPhone.ActiveCfg = Debug|Any CPU
		{93E386D0-FA1A-46A5-97A2-2F77BE2E58BD}.Debug|iPhone.Build.0 = Debug|Any CPU
		{93E386D0-FA1A-46A5-97A2-2F77BE2E58BD}.Debug|iPhone.Deploy.0 = Debug|Any CPU
		{93E386D0-FA1A-46A5-97A2-2F77BE2E58BD}.Debug|iPhoneSimulator.ActiveCfg = Debug|Any CPU
		{93E386D0-FA1A-46A5-97A2-2F77BE2E58BD}.Debug|iPhoneSimulator.Build.0 = Debug|Any CPU
		{93E386D0-FA1A-46A5-97A2-2F77BE2E58BD}.Debug|iPhoneSimulator.Deploy.0 = Debug|Any CPU
		{93E386D0-FA1A-46A5-97A2-2F77BE2E58BD}.Debug|x64.ActiveCfg = Debug|Any CPU
		{93E386D0-FA1A-46A5-97A2-2F77BE2E58BD}.Debug|x64.Build.0 = Debug|Any CPU
		{93E386D0-FA1A-46A5-97A2-2F77BE2E58BD}.Debug|x64.Deploy.0 = Debug|Any CPU
		{93E386D0-FA1A-46A5-97A2-2F77BE2E58BD}.Debug|x86.ActiveCfg = Debug|Any CPU
		{93E386D0-FA1A-46A5-97A2-2F77BE2E58BD}.Debug|x86.Build.0 = Debug|Any CPU
		{93E386D0-FA1A-46A5-97A2-2F77BE2E58BD}.Debug|x86.Deploy.0 = Debug|Any CPU
		{93E386D0-FA1A-46A5-97A2-2F77BE2E58BD}.Release|Any CPU.ActiveCfg = Release|Any CPU
		{93E386D0-FA1A-46A5-97A2-2F77BE2E58BD}.Release|Any CPU.Build.0 = Release|Any CPU
		{93E386D0-FA1A-46A5-97A2-2F77BE2E58BD}.Release|Any CPU.Deploy.0 = Release|Any CPU
		{93E386D0-FA1A-46A5-97A2-2F77BE2E58BD}.Release|ARM.ActiveCfg = Release|Any CPU
		{93E386D0-FA1A-46A5-97A2-2F77BE2E58BD}.Release|ARM.Build.0 = Release|Any CPU
		{93E386D0-FA1A-46A5-97A2-2F77BE2E58BD}.Release|ARM.Deploy.0 = Release|Any CPU
		{93E386D0-FA1A-46A5-97A2-2F77BE2E58BD}.Release|iPhone.ActiveCfg = Release|Any CPU
		{93E386D0-FA1A-46A5-97A2-2F77BE2E58BD}.Release|iPhone.Build.0 = Release|Any CPU
		{93E386D0-FA1A-46A5-97A2-2F77BE2E58BD}.Release|iPhone.Deploy.0 = Release|Any CPU
		{93E386D0-FA1A-46A5-97A2-2F77BE2E58BD}.Release|iPhoneSimulator.ActiveCfg = Release|Any CPU
		{93E386D0-FA1A-46A5-97A2-2F77BE2E58BD}.Release|iPhoneSimulator.Build.0 = Release|Any CPU
		{93E386D0-FA1A-46A5-97A2-2F77BE2E58BD}.Release|iPhoneSimulator.Deploy.0 = Release|Any CPU
		{93E386D0-FA1A-46A5-97A2-2F77BE2E58BD}.Release|x64.ActiveCfg = Release|Any CPU
		{93E386D0-FA1A-46A5-97A2-2F77BE2E58BD}.Release|x64.Build.0 = Release|Any CPU
		{93E386D0-FA1A-46A5-97A2-2F77BE2E58BD}.Release|x64.Deploy.0 = Release|Any CPU
		{93E386D0-FA1A-46A5-97A2-2F77BE2E58BD}.Release|x86.ActiveCfg = Release|Any CPU
		{93E386D0-FA1A-46A5-97A2-2F77BE2E58BD}.Release|x86.Build.0 = Release|Any CPU
		{93E386D0-FA1A-46A5-97A2-2F77BE2E58BD}.Release|x86.Deploy.0 = Release|Any CPU
		{24CF3AB1-1B4C-4231-833D-EF701B29428E}.Ad-Hoc|Any CPU.ActiveCfg = Release|Any CPU
		{24CF3AB1-1B4C-4231-833D-EF701B29428E}.Ad-Hoc|Any CPU.Build.0 = Release|Any CPU
		{24CF3AB1-1B4C-4231-833D-EF701B29428E}.Ad-Hoc|ARM.ActiveCfg = Release|Any CPU
		{24CF3AB1-1B4C-4231-833D-EF701B29428E}.Ad-Hoc|ARM.Build.0 = Release|Any CPU
		{24CF3AB1-1B4C-4231-833D-EF701B29428E}.Ad-Hoc|iPhone.ActiveCfg = Release|Any CPU
		{24CF3AB1-1B4C-4231-833D-EF701B29428E}.Ad-Hoc|iPhone.Build.0 = Release|Any CPU
		{24CF3AB1-1B4C-4231-833D-EF701B29428E}.Ad-Hoc|iPhoneSimulator.ActiveCfg = Release|Any CPU
		{24CF3AB1-1B4C-4231-833D-EF701B29428E}.Ad-Hoc|iPhoneSimulator.Build.0 = Release|Any CPU
		{24CF3AB1-1B4C-4231-833D-EF701B29428E}.Ad-Hoc|x64.ActiveCfg = Release|Any CPU
		{24CF3AB1-1B4C-4231-833D-EF701B29428E}.Ad-Hoc|x64.Build.0 = Release|Any CPU
		{24CF3AB1-1B4C-4231-833D-EF701B29428E}.Ad-Hoc|x86.ActiveCfg = Release|Any CPU
		{24CF3AB1-1B4C-4231-833D-EF701B29428E}.Ad-Hoc|x86.Build.0 = Release|Any CPU
		{24CF3AB1-1B4C-4231-833D-EF701B29428E}.AppStore|Any CPU.ActiveCfg = Release|Any CPU
		{24CF3AB1-1B4C-4231-833D-EF701B29428E}.AppStore|Any CPU.Build.0 = Release|Any CPU
		{24CF3AB1-1B4C-4231-833D-EF701B29428E}.AppStore|ARM.ActiveCfg = Release|Any CPU
		{24CF3AB1-1B4C-4231-833D-EF701B29428E}.AppStore|ARM.Build.0 = Release|Any CPU
		{24CF3AB1-1B4C-4231-833D-EF701B29428E}.AppStore|iPhone.ActiveCfg = Release|Any CPU
		{24CF3AB1-1B4C-4231-833D-EF701B29428E}.AppStore|iPhone.Build.0 = Release|Any CPU
		{24CF3AB1-1B4C-4231-833D-EF701B29428E}.AppStore|iPhoneSimulator.ActiveCfg = Release|Any CPU
		{24CF3AB1-1B4C-4231-833D-EF701B29428E}.AppStore|iPhoneSimulator.Build.0 = Release|Any CPU
		{24CF3AB1-1B4C-4231-833D-EF701B29428E}.AppStore|x64.ActiveCfg = Release|Any CPU
		{24CF3AB1-1B4C-4231-833D-EF701B29428E}.AppStore|x64.Build.0 = Release|Any CPU
		{24CF3AB1-1B4C-4231-833D-EF701B29428E}.AppStore|x86.ActiveCfg = Release|Any CPU
		{24CF3AB1-1B4C-4231-833D-EF701B29428E}.AppStore|x86.Build.0 = Release|Any CPU
		{24CF3AB1-1B4C-4231-833D-EF701B29428E}.Debug|Any CPU.ActiveCfg = Debug|Any CPU
		{24CF3AB1-1B4C-4231-833D-EF701B29428E}.Debug|Any CPU.Build.0 = Debug|Any CPU
		{24CF3AB1-1B4C-4231-833D-EF701B29428E}.Debug|ARM.ActiveCfg = Debug|Any CPU
		{24CF3AB1-1B4C-4231-833D-EF701B29428E}.Debug|ARM.Build.0 = Debug|Any CPU
		{24CF3AB1-1B4C-4231-833D-EF701B29428E}.Debug|iPhone.ActiveCfg = Debug|Any CPU
		{24CF3AB1-1B4C-4231-833D-EF701B29428E}.Debug|iPhone.Build.0 = Debug|Any CPU
		{24CF3AB1-1B4C-4231-833D-EF701B29428E}.Debug|iPhoneSimulator.ActiveCfg = Debug|Any CPU
		{24CF3AB1-1B4C-4231-833D-EF701B29428E}.Debug|iPhoneSimulator.Build.0 = Debug|Any CPU
		{24CF3AB1-1B4C-4231-833D-EF701B29428E}.Debug|x64.ActiveCfg = Debug|Any CPU
		{24CF3AB1-1B4C-4231-833D-EF701B29428E}.Debug|x64.Build.0 = Debug|Any CPU
		{24CF3AB1-1B4C-4231-833D-EF701B29428E}.Debug|x86.ActiveCfg = Debug|Any CPU
		{24CF3AB1-1B4C-4231-833D-EF701B29428E}.Debug|x86.Build.0 = Debug|Any CPU
		{24CF3AB1-1B4C-4231-833D-EF701B29428E}.Release|Any CPU.ActiveCfg = Release|Any CPU
		{24CF3AB1-1B4C-4231-833D-EF701B29428E}.Release|Any CPU.Build.0 = Release|Any CPU
		{24CF3AB1-1B4C-4231-833D-EF701B29428E}.Release|ARM.ActiveCfg = Release|Any CPU
		{24CF3AB1-1B4C-4231-833D-EF701B29428E}.Release|ARM.Build.0 = Release|Any CPU
		{24CF3AB1-1B4C-4231-833D-EF701B29428E}.Release|iPhone.ActiveCfg = Release|Any CPU
		{24CF3AB1-1B4C-4231-833D-EF701B29428E}.Release|iPhone.Build.0 = Release|Any CPU
		{24CF3AB1-1B4C-4231-833D-EF701B29428E}.Release|iPhoneSimulator.ActiveCfg = Release|Any CPU
		{24CF3AB1-1B4C-4231-833D-EF701B29428E}.Release|iPhoneSimulator.Build.0 = Release|Any CPU
		{24CF3AB1-1B4C-4231-833D-EF701B29428E}.Release|x64.ActiveCfg = Release|Any CPU
		{24CF3AB1-1B4C-4231-833D-EF701B29428E}.Release|x64.Build.0 = Release|Any CPU
		{24CF3AB1-1B4C-4231-833D-EF701B29428E}.Release|x86.ActiveCfg = Release|Any CPU
		{24CF3AB1-1B4C-4231-833D-EF701B29428E}.Release|x86.Build.0 = Release|Any CPU
		{021C1634-2DD1-4073-948C-5B92775A728E}.Ad-Hoc|Any CPU.ActiveCfg = Release|x86
		{021C1634-2DD1-4073-948C-5B92775A728E}.Ad-Hoc|Any CPU.Build.0 = Release|x86
		{021C1634-2DD1-4073-948C-5B92775A728E}.Ad-Hoc|Any CPU.Deploy.0 = Release|x86
		{021C1634-2DD1-4073-948C-5B92775A728E}.Ad-Hoc|ARM.ActiveCfg = Release|ARM
		{021C1634-2DD1-4073-948C-5B92775A728E}.Ad-Hoc|ARM.Build.0 = Release|ARM
		{021C1634-2DD1-4073-948C-5B92775A728E}.Ad-Hoc|ARM.Deploy.0 = Release|ARM
		{021C1634-2DD1-4073-948C-5B92775A728E}.Ad-Hoc|iPhone.ActiveCfg = Release|x86
		{021C1634-2DD1-4073-948C-5B92775A728E}.Ad-Hoc|iPhone.Build.0 = Release|x86
		{021C1634-2DD1-4073-948C-5B92775A728E}.Ad-Hoc|iPhone.Deploy.0 = Release|x86
		{021C1634-2DD1-4073-948C-5B92775A728E}.Ad-Hoc|iPhoneSimulator.ActiveCfg = Release|x86
		{021C1634-2DD1-4073-948C-5B92775A728E}.Ad-Hoc|iPhoneSimulator.Build.0 = Release|x86
		{021C1634-2DD1-4073-948C-5B92775A728E}.Ad-Hoc|iPhoneSimulator.Deploy.0 = Release|x86
		{021C1634-2DD1-4073-948C-5B92775A728E}.Ad-Hoc|x64.ActiveCfg = Release|x64
		{021C1634-2DD1-4073-948C-5B92775A728E}.Ad-Hoc|x64.Build.0 = Release|x64
		{021C1634-2DD1-4073-948C-5B92775A728E}.Ad-Hoc|x64.Deploy.0 = Release|x64
		{021C1634-2DD1-4073-948C-5B92775A728E}.Ad-Hoc|x86.ActiveCfg = Release|x86
		{021C1634-2DD1-4073-948C-5B92775A728E}.Ad-Hoc|x86.Build.0 = Release|x86
		{021C1634-2DD1-4073-948C-5B92775A728E}.Ad-Hoc|x86.Deploy.0 = Release|x86
		{021C1634-2DD1-4073-948C-5B92775A728E}.AppStore|Any CPU.ActiveCfg = Release|x86
		{021C1634-2DD1-4073-948C-5B92775A728E}.AppStore|Any CPU.Build.0 = Release|x86
		{021C1634-2DD1-4073-948C-5B92775A728E}.AppStore|Any CPU.Deploy.0 = Release|x86
		{021C1634-2DD1-4073-948C-5B92775A728E}.AppStore|ARM.ActiveCfg = Release|ARM
		{021C1634-2DD1-4073-948C-5B92775A728E}.AppStore|ARM.Build.0 = Release|ARM
		{021C1634-2DD1-4073-948C-5B92775A728E}.AppStore|ARM.Deploy.0 = Release|ARM
		{021C1634-2DD1-4073-948C-5B92775A728E}.AppStore|iPhone.ActiveCfg = Release|x86
		{021C1634-2DD1-4073-948C-5B92775A728E}.AppStore|iPhone.Build.0 = Release|x86
		{021C1634-2DD1-4073-948C-5B92775A728E}.AppStore|iPhone.Deploy.0 = Release|x86
		{021C1634-2DD1-4073-948C-5B92775A728E}.AppStore|iPhoneSimulator.ActiveCfg = Release|x86
		{021C1634-2DD1-4073-948C-5B92775A728E}.AppStore|iPhoneSimulator.Build.0 = Release|x86
		{021C1634-2DD1-4073-948C-5B92775A728E}.AppStore|iPhoneSimulator.Deploy.0 = Release|x86
		{021C1634-2DD1-4073-948C-5B92775A728E}.AppStore|x64.ActiveCfg = Release|x64
		{021C1634-2DD1-4073-948C-5B92775A728E}.AppStore|x64.Build.0 = Release|x64
		{021C1634-2DD1-4073-948C-5B92775A728E}.AppStore|x64.Deploy.0 = Release|x64
		{021C1634-2DD1-4073-948C-5B92775A728E}.AppStore|x86.ActiveCfg = Release|x86
		{021C1634-2DD1-4073-948C-5B92775A728E}.AppStore|x86.Build.0 = Release|x86
		{021C1634-2DD1-4073-948C-5B92775A728E}.AppStore|x86.Deploy.0 = Release|x86
		{021C1634-2DD1-4073-948C-5B92775A728E}.Debug|Any CPU.ActiveCfg = Debug|x86
		{021C1634-2DD1-4073-948C-5B92775A728E}.Debug|Any CPU.Deploy.0 = Debug|x86
		{021C1634-2DD1-4073-948C-5B92775A728E}.Debug|ARM.ActiveCfg = Debug|ARM
		{021C1634-2DD1-4073-948C-5B92775A728E}.Debug|ARM.Build.0 = Debug|ARM
		{021C1634-2DD1-4073-948C-5B92775A728E}.Debug|ARM.Deploy.0 = Debug|ARM
		{021C1634-2DD1-4073-948C-5B92775A728E}.Debug|iPhone.ActiveCfg = Debug|x86
		{021C1634-2DD1-4073-948C-5B92775A728E}.Debug|iPhoneSimulator.ActiveCfg = Debug|x86
		{021C1634-2DD1-4073-948C-5B92775A728E}.Debug|x64.ActiveCfg = Debug|x64
		{021C1634-2DD1-4073-948C-5B92775A728E}.Debug|x64.Build.0 = Debug|x64
		{021C1634-2DD1-4073-948C-5B92775A728E}.Debug|x64.Deploy.0 = Debug|x64
		{021C1634-2DD1-4073-948C-5B92775A728E}.Debug|x86.ActiveCfg = Debug|x86
		{021C1634-2DD1-4073-948C-5B92775A728E}.Debug|x86.Build.0 = Debug|x86
		{021C1634-2DD1-4073-948C-5B92775A728E}.Debug|x86.Deploy.0 = Debug|x86
		{021C1634-2DD1-4073-948C-5B92775A728E}.Release|Any CPU.ActiveCfg = Release|x86
		{021C1634-2DD1-4073-948C-5B92775A728E}.Release|ARM.ActiveCfg = Release|ARM
		{021C1634-2DD1-4073-948C-5B92775A728E}.Release|ARM.Build.0 = Release|ARM
		{021C1634-2DD1-4073-948C-5B92775A728E}.Release|ARM.Deploy.0 = Release|ARM
		{021C1634-2DD1-4073-948C-5B92775A728E}.Release|iPhone.ActiveCfg = Release|x86
		{021C1634-2DD1-4073-948C-5B92775A728E}.Release|iPhoneSimulator.ActiveCfg = Release|x86
		{021C1634-2DD1-4073-948C-5B92775A728E}.Release|x64.ActiveCfg = Release|x64
		{021C1634-2DD1-4073-948C-5B92775A728E}.Release|x64.Build.0 = Release|x64
		{021C1634-2DD1-4073-948C-5B92775A728E}.Release|x64.Deploy.0 = Release|x64
		{021C1634-2DD1-4073-948C-5B92775A728E}.Release|x86.ActiveCfg = Release|x86
		{021C1634-2DD1-4073-948C-5B92775A728E}.Release|x86.Build.0 = Release|x86
		{021C1634-2DD1-4073-948C-5B92775A728E}.Release|x86.Deploy.0 = Release|x86
		{B2096603-F1C7-40E7-82D0-12D3D06F6642}.Ad-Hoc|Any CPU.ActiveCfg = Ad-Hoc|iPhone
		{B2096603-F1C7-40E7-82D0-12D3D06F6642}.Ad-Hoc|ARM.ActiveCfg = Ad-Hoc|iPhone
		{B2096603-F1C7-40E7-82D0-12D3D06F6642}.Ad-Hoc|iPhone.ActiveCfg = Ad-Hoc|iPhone
		{B2096603-F1C7-40E7-82D0-12D3D06F6642}.Ad-Hoc|iPhone.Build.0 = Ad-Hoc|iPhone
		{B2096603-F1C7-40E7-82D0-12D3D06F6642}.Ad-Hoc|iPhoneSimulator.ActiveCfg = Ad-Hoc|iPhoneSimulator
		{B2096603-F1C7-40E7-82D0-12D3D06F6642}.Ad-Hoc|iPhoneSimulator.Build.0 = Ad-Hoc|iPhoneSimulator
		{B2096603-F1C7-40E7-82D0-12D3D06F6642}.Ad-Hoc|x64.ActiveCfg = Ad-Hoc|iPhone
		{B2096603-F1C7-40E7-82D0-12D3D06F6642}.Ad-Hoc|x86.ActiveCfg = Ad-Hoc|iPhone
		{B2096603-F1C7-40E7-82D0-12D3D06F6642}.AppStore|Any CPU.ActiveCfg = AppStore|iPhone
		{B2096603-F1C7-40E7-82D0-12D3D06F6642}.AppStore|ARM.ActiveCfg = AppStore|iPhone
		{B2096603-F1C7-40E7-82D0-12D3D06F6642}.AppStore|iPhone.ActiveCfg = AppStore|iPhone
		{B2096603-F1C7-40E7-82D0-12D3D06F6642}.AppStore|iPhone.Build.0 = AppStore|iPhone
		{B2096603-F1C7-40E7-82D0-12D3D06F6642}.AppStore|iPhoneSimulator.ActiveCfg = AppStore|iPhoneSimulator
		{B2096603-F1C7-40E7-82D0-12D3D06F6642}.AppStore|iPhoneSimulator.Build.0 = AppStore|iPhoneSimulator
		{B2096603-F1C7-40E7-82D0-12D3D06F6642}.AppStore|x64.ActiveCfg = AppStore|iPhone
		{B2096603-F1C7-40E7-82D0-12D3D06F6642}.AppStore|x86.ActiveCfg = AppStore|iPhone
		{B2096603-F1C7-40E7-82D0-12D3D06F6642}.Debug|Any CPU.ActiveCfg = Debug|iPhone
		{B2096603-F1C7-40E7-82D0-12D3D06F6642}.Debug|ARM.ActiveCfg = Debug|iPhone
		{B2096603-F1C7-40E7-82D0-12D3D06F6642}.Debug|iPhone.ActiveCfg = Debug|iPhone
		{B2096603-F1C7-40E7-82D0-12D3D06F6642}.Debug|iPhone.Build.0 = Debug|iPhone
		{B2096603-F1C7-40E7-82D0-12D3D06F6642}.Debug|iPhoneSimulator.ActiveCfg = Debug|iPhoneSimulator
		{B2096603-F1C7-40E7-82D0-12D3D06F6642}.Debug|iPhoneSimulator.Build.0 = Debug|iPhoneSimulator
		{B2096603-F1C7-40E7-82D0-12D3D06F6642}.Debug|x64.ActiveCfg = Debug|iPhone
		{B2096603-F1C7-40E7-82D0-12D3D06F6642}.Debug|x86.ActiveCfg = Debug|iPhone
		{B2096603-F1C7-40E7-82D0-12D3D06F6642}.Release|Any CPU.ActiveCfg = Release|iPhone
		{B2096603-F1C7-40E7-82D0-12D3D06F6642}.Release|ARM.ActiveCfg = Release|iPhone
		{B2096603-F1C7-40E7-82D0-12D3D06F6642}.Release|iPhone.ActiveCfg = Release|iPhone
		{B2096603-F1C7-40E7-82D0-12D3D06F6642}.Release|iPhone.Build.0 = Release|iPhone
		{B2096603-F1C7-40E7-82D0-12D3D06F6642}.Release|iPhoneSimulator.ActiveCfg = Release|iPhoneSimulator
		{B2096603-F1C7-40E7-82D0-12D3D06F6642}.Release|iPhoneSimulator.Build.0 = Release|iPhoneSimulator
		{B2096603-F1C7-40E7-82D0-12D3D06F6642}.Release|x64.ActiveCfg = Release|iPhone
		{B2096603-F1C7-40E7-82D0-12D3D06F6642}.Release|x86.ActiveCfg = Release|iPhone
	EndGlobalSection
	GlobalSection(SolutionProperties) = preSolution
		HideSolutionNode = FALSE
	EndGlobalSection
EndGlobal
